
Microsoft Visual Studio Solution File, Format Version 12.00
# Visual Studio Version 17
VisualStudioVersion = 17.2.32630.192
MinimumVisualStudioVersion = 10.0.40219.1
Project("{9A19103F-16F7-4668-BE54-9A1E7A4F7556}") = "ERP", "ERP\ERP.csproj", "{22E6E488-8662-494D-8CB7-392E8C84811B}"
EndProject
Project("{2150E333-8FDC-42A3-9474-1A3956D46DE8}") = "Business", "Business", "{5B4E0B85-FE46-4229-8E05-F0AB2AD25E1A}"
EndProject
Project("{2150E333-8FDC-42A3-9474-1A3956D46DE8}") = "Business.Entities", "Business.Entities", "{4F4ECC1B-BB7D-4945-B7E3-65175F07F97D}"
EndProject
Project("{9A19103F-16F7-4668-BE54-9A1E7A4F7556}") = "Business.Entities", "Business\Business.Entities\Business.Entities\Business.Entities.csproj", "{D7602121-D398-4400-9265-9AB4D6CE7EE2}"
EndProject
Project("{2150E333-8FDC-42A3-9474-1A3956D46DE8}") = "Business.SQL", "Business.SQL", "{7CA80972-0695-432C-BA2E-645DE3558114}"
EndProject
Project("{9A19103F-16F7-4668-BE54-9A1E7A4F7556}") = "Business.SQL", "Business\Business.SQL\Business.SQL\Business.SQL.csproj", "{09E2EAC7-5855-4917-918F-1EFFC7C779AE}"
EndProject
Project("{2150E333-8FDC-42A3-9474-1A3956D46DE8}") = "Business.Implemetation", "Business.Implemetation", "{EDDFB65A-1277-487C-95FF-E345ABC843CC}"
EndProject
Project("{9A19103F-16F7-4668-BE54-9A1E7A4F7556}") = "Business.Interface", "Business\Business.Implementation\Business.Interface\Business.Interface.csproj", "{741A3CAC-C950-4179-9DDE-3C929537DE3D}"
EndProject
Project("{9A19103F-16F7-4668-BE54-9A1E7A4F7556}") = "Business.Service", "Business\Business.Implementation\Businessa.Service\Business.Service\Business.Service.csproj", "{94F40280-091C-4C19-A19D-1A28EDAE0CE9}"
EndProject
Project("{2150E333-8FDC-42A3-9474-1A3956D46DE8}") = "Infrastructure", "Infrastructure", "{30EE18E6-CEF9-4E8A-AF02-F0A6DC936B0B}"
EndProject
Project("{9A19103F-16F7-4668-BE54-9A1E7A4F7556}") = "GridBlazor", "Infrastructure\GridBlazor\GridBlazor.csproj", "{932FCD9B-7EA8-4608-B52B-243F6AA973C4}"
EndProject
Project("{9A19103F-16F7-4668-BE54-9A1E7A4F7556}") = "GridCore", "Infrastructure\GridCore\GridCore.csproj", "{31EB4CC5-013A-4B87-AC91-4D50F6639A5C}"
EndProject
Project("{9A19103F-16F7-4668-BE54-9A1E7A4F7556}") = "GridMvc", "Infrastructure\GridMvc\GridMvc.csproj", "{9B25F127-64FB-4806-9686-1EA14EB3CB7F}"
EndProject
Project("{9A19103F-16F7-4668-BE54-9A1E7A4F7556}") = "GridShared", "Infrastructure\GridShared\GridShared.csproj", "{40609687-60EB-423A-9D3F-B9060BFF264F}"
EndProject
Project("{9A19103F-16F7-4668-BE54-9A1E7A4F7556}") = "GridSharedData", "Infrastructure\GridSharedData\GridSharedData.csproj", "{29CC7063-E0AD-4417-BD2F-108AAC7180A4}"
EndProject
Project("{9A19103F-16F7-4668-BE54-9A1E7A4F7556}") = "Utils", "Infrastructure\Util\Utils\Utils.csproj", "{447EDE62-B8A8-44E7-9B1E-50B2DAD9D1B6}"
EndProject
Project("{9A19103F-16F7-4668-BE54-9A1E7A4F7556}") = "Kinfo.JsonStore", "Infrastructure\JsonStore\Kinfo.JsonStore\Kinfo.JsonStore.csproj", "{F772CD57-9D9C-4552-B2FC-B3B596656EBA}"
EndProject
Global
	GlobalSection(SolutionConfigurationPlatforms) = preSolution
		Debug|Any CPU = Debug|Any CPU
		Release|Any CPU = Release|Any CPU
	EndGlobalSection
	GlobalSection(ProjectConfigurationPlatforms) = postSolution
		{22E6E488-8662-494D-8CB7-392E8C84811B}.Debug|Any CPU.ActiveCfg = Debug|Any CPU
		{22E6E488-8662-494D-8CB7-392E8C84811B}.Debug|Any CPU.Build.0 = Debug|Any CPU
		{22E6E488-8662-494D-8CB7-392E8C84811B}.Release|Any CPU.ActiveCfg = Release|Any CPU
		{22E6E488-8662-494D-8CB7-392E8C84811B}.Release|Any CPU.Build.0 = Release|Any CPU
		{D7602121-D398-4400-9265-9AB4D6CE7EE2}.Debug|Any CPU.ActiveCfg = Debug|Any CPU
		{D7602121-D398-4400-9265-9AB4D6CE7EE2}.Debug|Any CPU.Build.0 = Debug|Any CPU
		{D7602121-D398-4400-9265-9AB4D6CE7EE2}.Release|Any CPU.ActiveCfg = Release|Any CPU
		{D7602121-D398-4400-9265-9AB4D6CE7EE2}.Release|Any CPU.Build.0 = Release|Any CPU
		{09E2EAC7-5855-4917-918F-1EFFC7C779AE}.Debug|Any CPU.ActiveCfg = Debug|Any CPU
		{09E2EAC7-5855-4917-918F-1EFFC7C779AE}.Debug|Any CPU.Build.0 = Debug|Any CPU
		{09E2EAC7-5855-4917-918F-1EFFC7C779AE}.Release|Any CPU.ActiveCfg = Release|Any CPU
		{09E2EAC7-5855-4917-918F-1EFFC7C779AE}.Release|Any CPU.Build.0 = Release|Any CPU
		{741A3CAC-C950-4179-9DDE-3C929537DE3D}.Debug|Any CPU.ActiveCfg = Debug|Any CPU
		{741A3CAC-C950-4179-9DDE-3C929537DE3D}.Debug|Any CPU.Build.0 = Debug|Any CPU
		{741A3CAC-C950-4179-9DDE-3C929537DE3D}.Release|Any CPU.ActiveCfg = Release|Any CPU
		{741A3CAC-C950-4179-9DDE-3C929537DE3D}.Release|Any CPU.Build.0 = Release|Any CPU
		{94F40280-091C-4C19-A19D-1A28EDAE0CE9}.Debug|Any CPU.ActiveCfg = Debug|Any CPU
		{94F40280-091C-4C19-A19D-1A28EDAE0CE9}.Debug|Any CPU.Build.0 = Debug|Any CPU
		{94F40280-091C-4C19-A19D-1A28EDAE0CE9}.Release|Any CPU.ActiveCfg = Release|Any CPU
		{94F40280-091C-4C19-A19D-1A28EDAE0CE9}.Release|Any CPU.Build.0 = Release|Any CPU
		{932FCD9B-7EA8-4608-B52B-243F6AA973C4}.Debug|Any CPU.ActiveCfg = Debug|Any CPU
		{932FCD9B-7EA8-4608-B52B-243F6AA973C4}.Debug|Any CPU.Build.0 = Debug|Any CPU
		{932FCD9B-7EA8-4608-B52B-243F6AA973C4}.Release|Any CPU.ActiveCfg = Release|Any CPU
		{932FCD9B-7EA8-4608-B52B-243F6AA973C4}.Release|Any CPU.Build.0 = Release|Any CPU
		{31EB4CC5-013A-4B87-AC91-4D50F6639A5C}.Debug|Any CPU.ActiveCfg = Debug|Any CPU
		{31EB4CC5-013A-4B87-AC91-4D50F6639A5C}.Debug|Any CPU.Build.0 = Debug|Any CPU
		{31EB4CC5-013A-4B87-AC91-4D50F6639A5C}.Release|Any CPU.ActiveCfg = Release|Any CPU
		{31EB4CC5-013A-4B87-AC91-4D50F6639A5C}.Release|Any CPU.Build.0 = Release|Any CPU
		{9B25F127-64FB-4806-9686-1EA14EB3CB7F}.Debug|Any CPU.ActiveCfg = Debug|Any CPU
		{9B25F127-64FB-4806-9686-1EA14EB3CB7F}.Debug|Any CPU.Build.0 = Debug|Any CPU
		{9B25F127-64FB-4806-9686-1EA14EB3CB7F}.Release|Any CPU.ActiveCfg = Release|Any CPU
		{9B25F127-64FB-4806-9686-1EA14EB3CB7F}.Release|Any CPU.Build.0 = Release|Any CPU
		{40609687-60EB-423A-9D3F-B9060BFF264F}.Debug|Any CPU.ActiveCfg = Debug|Any CPU
		{40609687-60EB-423A-9D3F-B9060BFF264F}.Debug|Any CPU.Build.0 = Debug|Any CPU
		{40609687-60EB-423A-9D3F-B9060BFF264F}.Release|Any CPU.ActiveCfg = Release|Any CPU
		{40609687-60EB-423A-9D3F-B9060BFF264F}.Release|Any CPU.Build.0 = Release|Any CPU
		{29CC7063-E0AD-4417-BD2F-108AAC7180A4}.Debug|Any CPU.ActiveCfg = Debug|Any CPU
		{29CC7063-E0AD-4417-BD2F-108AAC7180A4}.Debug|Any CPU.Build.0 = Debug|Any CPU
		{29CC7063-E0AD-4417-BD2F-108AAC7180A4}.Release|Any CPU.ActiveCfg = Release|Any CPU
		{29CC7063-E0AD-4417-BD2F-108AAC7180A4}.Release|Any CPU.Build.0 = Release|Any CPU
		{447EDE62-B8A8-44E7-9B1E-50B2DAD9D1B6}.Debug|Any CPU.ActiveCfg = Debug|Any CPU
		{447EDE62-B8A8-44E7-9B1E-50B2DAD9D1B6}.Debug|Any CPU.Build.0 = Debug|Any CPU
		{447EDE62-B8A8-44E7-9B1E-50B2DAD9D1B6}.Release|Any CPU.ActiveCfg = Release|Any CPU
		{447EDE62-B8A8-44E7-9B1E-50B2DAD9D1B6}.Release|Any CPU.Build.0 = Release|Any CPU
		{F772CD57-9D9C-4552-B2FC-B3B596656EBA}.Debug|Any CPU.ActiveCfg = Debug|Any CPU
		{F772CD57-9D9C-4552-B2FC-B3B596656EBA}.Debug|Any CPU.Build.0 = Debug|Any CPU
		{F772CD57-9D9C-4552-B2FC-B3B596656EBA}.Release|Any CPU.ActiveCfg = Release|Any CPU
		{F772CD57-9D9C-4552-B2FC-B3B596656EBA}.Release|Any CPU.Build.0 = Release|Any CPU
	EndGlobalSection
	GlobalSection(SolutionProperties) = preSolution
		HideSolutionNode = FALSE
	EndGlobalSection
	GlobalSection(NestedProjects) = preSolution
		{4F4ECC1B-BB7D-4945-B7E3-65175F07F97D} = {5B4E0B85-FE46-4229-8E05-F0AB2AD25E1A}
		{D7602121-D398-4400-9265-9AB4D6CE7EE2} = {4F4ECC1B-BB7D-4945-B7E3-65175F07F97D}
		{7CA80972-0695-432C-BA2E-645DE3558114} = {5B4E0B85-FE46-4229-8E05-F0AB2AD25E1A}
		{09E2EAC7-5855-4917-918F-1EFFC7C779AE} = {7CA80972-0695-432C-BA2E-645DE3558114}
		{EDDFB65A-1277-487C-95FF-E345ABC843CC} = {5B4E0B85-FE46-4229-8E05-F0AB2AD25E1A}
		{741A3CAC-C950-4179-9DDE-3C929537DE3D} = {EDDFB65A-1277-487C-95FF-E345ABC843CC}
		{94F40280-091C-4C19-A19D-1A28EDAE0CE9} = {EDDFB65A-1277-487C-95FF-E345ABC843CC}
		{932FCD9B-7EA8-4608-B52B-243F6AA973C4} = {30EE18E6-CEF9-4E8A-AF02-F0A6DC936B0B}
		{31EB4CC5-013A-4B87-AC91-4D50F6639A5C} = {30EE18E6-CEF9-4E8A-AF02-F0A6DC936B0B}
		{9B25F127-64FB-4806-9686-1EA14EB3CB7F} = {30EE18E6-CEF9-4E8A-AF02-F0A6DC936B0B}
		{40609687-60EB-423A-9D3F-B9060BFF264F} = {30EE18E6-CEF9-4E8A-AF02-F0A6DC936B0B}
		{29CC7063-E0AD-4417-BD2F-108AAC7180A4} = {30EE18E6-CEF9-4E8A-AF02-F0A6DC936B0B}
		{447EDE62-B8A8-44E7-9B1E-50B2DAD9D1B6} = {30EE18E6-CEF9-4E8A-AF02-F0A6DC936B0B}
		{F772CD57-9D9C-4552-B2FC-B3B596656EBA} = {30EE18E6-CEF9-4E8A-AF02-F0A6DC936B0B}
	EndGlobalSection
	GlobalSection(ExtensibilityGlobals) = postSolution
		SolutionGuid = {3F22C135-1D21-4BB4-9BFB-95EB1D461D8F}
	EndGlobalSection
EndGlobal
